// !$*UTF8*$!
{
	archiveVersion = 1;
	classes = {
	};
	objectVersion = 46;
	objects = {

/* Begin PBXBuildFile section */
		060E0C501A76D06A00A95453 /* Tweet.m in Sources */ = {isa = PBXBuildFile; fileRef = 060E0C4F1A76D06A00A95453 /* Tweet.m */; };
		060E0C531A76D07B00A95453 /* User.m in Sources */ = {isa = PBXBuildFile; fileRef = 060E0C521A76D07B00A95453 /* User.m */; };
		060E0C571A76D2A800A95453 /* TwitterFeedMapper.m in Sources */ = {isa = PBXBuildFile; fileRef = 060E0C561A76D2A800A95453 /* TwitterFeedMapper.m */; };
		060E0C5A1A76D2DC00A95453 /* HVMapperManager.m in Sources */ = {isa = PBXBuildFile; fileRef = 060E0C591A76D2DC00A95453 /* HVMapperManager.m */; };
		060E0C5D1A76D6B500A95453 /* HVMappingRoute.m in Sources */ = {isa = PBXBuildFile; fileRef = 060E0C5C1A76D6B500A95453 /* HVMappingRoute.m */; };
		060E0C601A76D73800A95453 /* HVMappingOperation.m in Sources */ = {isa = PBXBuildFile; fileRef = 060E0C5F1A76D73800A95453 /* HVMappingOperation.m */; };
		060E0C641A76D98500A95453 /* HVObjectMapping.m in Sources */ = {isa = PBXBuildFile; fileRef = 060E0C631A76D98500A95453 /* HVObjectMapping.m */; };
		060E0C671A76D99300A95453 /* HVRelationshipMapping.m in Sources */ = {isa = PBXBuildFile; fileRef = 060E0C661A76D99300A95453 /* HVRelationshipMapping.m */; };
		060E0C691A76E20C00A95453 /* HVMappingTests.m in Sources */ = {isa = PBXBuildFile; fileRef = 060E0C681A76E20C00A95453 /* HVMappingTests.m */; };
		060E0C6C1A76E30900A95453 /* MOCK_DATA.json in Resources */ = {isa = PBXBuildFile; fileRef = 060E0C6B1A76E30900A95453 /* MOCK_DATA.json */; };
		060E0C6F1A76E71200A95453 /* HVMappingResult.m in Sources */ = {isa = PBXBuildFile; fileRef = 060E0C6E1A76E71200A95453 /* HVMappingResult.m */; };
		061E176C1A78188700F33AC5 /* DumpMapper.m in Sources */ = {isa = PBXBuildFile; fileRef = 061E176B1A78188700F33AC5 /* DumpMapper.m */; };
		061E17721A81070500F33AC5 /* HVImageBank.m in Sources */ = {isa = PBXBuildFile; fileRef = 061E17711A81070500F33AC5 /* HVImageBank.m */; };
		061E17761A8108C200F33AC5 /* HVImageBankOperation.m in Sources */ = {isa = PBXBuildFile; fileRef = 061E17751A8108C200F33AC5 /* HVImageBankOperation.m */; };
		061E17871A814EEE00F33AC5 /* reply.png in Resources */ = {isa = PBXBuildFile; fileRef = 061E17781A814EEE00F33AC5 /* reply.png */; };
		061E17881A814EEE00F33AC5 /* reply@2x.png in Resources */ = {isa = PBXBuildFile; fileRef = 061E17791A814EEE00F33AC5 /* reply@2x.png */; };
		061E17891A814EEE00F33AC5 /* reply@3x.png in Resources */ = {isa = PBXBuildFile; fileRef = 061E177A1A814EEE00F33AC5 /* reply@3x.png */; };
		061E178A1A814EEE00F33AC5 /* retweet_off.png in Resources */ = {isa = PBXBuildFile; fileRef = 061E177B1A814EEE00F33AC5 /* retweet_off.png */; };
		061E178B1A814EEE00F33AC5 /* retweet_off@2x.png in Resources */ = {isa = PBXBuildFile; fileRef = 061E177C1A814EEE00F33AC5 /* retweet_off@2x.png */; };
		061E178C1A814EEE00F33AC5 /* retweet_off@3x.png in Resources */ = {isa = PBXBuildFile; fileRef = 061E177D1A814EEE00F33AC5 /* retweet_off@3x.png */; };
		061E178D1A814EEE00F33AC5 /* retweet_on.png in Resources */ = {isa = PBXBuildFile; fileRef = 061E177E1A814EEE00F33AC5 /* retweet_on.png */; };
		061E178E1A814EEE00F33AC5 /* retweet_on@2x.png in Resources */ = {isa = PBXBuildFile; fileRef = 061E177F1A814EEE00F33AC5 /* retweet_on@2x.png */; };
		061E178F1A814EEE00F33AC5 /* retweet_on@3x.png in Resources */ = {isa = PBXBuildFile; fileRef = 061E17801A814EEE00F33AC5 /* retweet_on@3x.png */; };
		061E17901A814EEE00F33AC5 /* star_off.png in Resources */ = {isa = PBXBuildFile; fileRef = 061E17811A814EEE00F33AC5 /* star_off.png */; };
		061E17911A814EEE00F33AC5 /* star_off@2x.png in Resources */ = {isa = PBXBuildFile; fileRef = 061E17821A814EEE00F33AC5 /* star_off@2x.png */; };
		061E17921A814EEE00F33AC5 /* star_off@3x.png in Resources */ = {isa = PBXBuildFile; fileRef = 061E17831A814EEE00F33AC5 /* star_off@3x.png */; };
		061E17931A814EEE00F33AC5 /* star_on.png in Resources */ = {isa = PBXBuildFile; fileRef = 061E17841A814EEE00F33AC5 /* star_on.png */; };
		061E17941A814EEE00F33AC5 /* star_on@2x.png in Resources */ = {isa = PBXBuildFile; fileRef = 061E17851A814EEE00F33AC5 /* star_on@2x.png */; };
		061E17951A814EEE00F33AC5 /* star_on@3x.png in Resources */ = {isa = PBXBuildFile; fileRef = 061E17861A814EEE00F33AC5 /* star_on@3x.png */; };
		06584FB01A76BCD9001974AB /* ContainerViewController.m in Sources */ = {isa = PBXBuildFile; fileRef = 06584FAF1A76BCD9001974AB /* ContainerViewController.m */; };
		066DD7D31A752974003862CF /* TwitterTableViewController.m in Sources */ = {isa = PBXBuildFile; fileRef = 066DD7D21A752974003862CF /* TwitterTableViewController.m */; };
		066DD7D61A75298D003862CF /* TweetCell.m in Sources */ = {isa = PBXBuildFile; fileRef = 066DD7D51A75298D003862CF /* TweetCell.m */; };
		066DD7D91A75299B003862CF /* MoreToSeeCell.m in Sources */ = {isa = PBXBuildFile; fileRef = 066DD7D81A75299B003862CF /* MoreToSeeCell.m */; };
		066DD7DC1A7529BF003862CF /* UserSurveyCell.m in Sources */ = {isa = PBXBuildFile; fileRef = 066DD7DB1A7529BF003862CF /* UserSurveyCell.m */; };
		066DD7DF1A7529DA003862CF /* PaginationCell.m in Sources */ = {isa = PBXBuildFile; fileRef = 066DD7DE1A7529DA003862CF /* PaginationCell.m */; };
		06FE37831A6E9567006153C2 /* main.m in Sources */ = {isa = PBXBuildFile; fileRef = 06FE37821A6E9567006153C2 /* main.m */; };
		06FE37861A6E9567006153C2 /* AppDelegate.m in Sources */ = {isa = PBXBuildFile; fileRef = 06FE37851A6E9567006153C2 /* AppDelegate.m */; };
		06FE37891A6E9567006153C2 /* ViewController.m in Sources */ = {isa = PBXBuildFile; fileRef = 06FE37881A6E9567006153C2 /* ViewController.m */; };
		06FE378C1A6E9567006153C2 /* Main.storyboard in Resources */ = {isa = PBXBuildFile; fileRef = 06FE378A1A6E9567006153C2 /* Main.storyboard */; };
		06FE378E1A6E9567006153C2 /* Images.xcassets in Resources */ = {isa = PBXBuildFile; fileRef = 06FE378D1A6E9567006153C2 /* Images.xcassets */; };
		06FE37911A6E9567006153C2 /* LaunchScreen.xib in Resources */ = {isa = PBXBuildFile; fileRef = 06FE378F1A6E9567006153C2 /* LaunchScreen.xib */; };
		06FE379D1A6E9567006153C2 /* HiveTests.m in Sources */ = {isa = PBXBuildFile; fileRef = 06FE379C1A6E9567006153C2 /* HiveTests.m */; };
		06FE37A71A6E9AB6006153C2 /* Social.framework in Frameworks */ = {isa = PBXBuildFile; fileRef = 06FE37A61A6E9AB6006153C2 /* Social.framework */; };
		06FE37A91A6E9ABC006153C2 /* Accounts.framework in Frameworks */ = {isa = PBXBuildFile; fileRef = 06FE37A81A6E9ABC006153C2 /* Accounts.framework */; };
		06FE37AC1A6E9E46006153C2 /* AccountManager.m in Sources */ = {isa = PBXBuildFile; fileRef = 06FE37AB1A6E9E46006153C2 /* AccountManager.m */; };
		06FE37B01A6EB230006153C2 /* AccountCell.m in Sources */ = {isa = PBXBuildFile; fileRef = 06FE37AF1A6EB230006153C2 /* AccountCell.m */; };
		06FE37B61A6EB87A006153C2 /* check.png in Resources */ = {isa = PBXBuildFile; fileRef = 06FE37B31A6EB87A006153C2 /* check.png */; };
		06FE37B71A6EB87A006153C2 /* check@2x.png in Resources */ = {isa = PBXBuildFile; fileRef = 06FE37B41A6EB87A006153C2 /* check@2x.png */; };
		06FE37B81A6EB87A006153C2 /* check@3x.png in Resources */ = {isa = PBXBuildFile; fileRef = 06FE37B51A6EB87A006153C2 /* check@3x.png */; };
		06FE37BC1A74F0CD006153C2 /* DataManager.m in Sources */ = {isa = PBXBuildFile; fileRef = 06FE37BB1A74F0CD006153C2 /* DataManager.m */; };
/* End PBXBuildFile section */

/* Begin PBXContainerItemProxy section */
		06FE37971A6E9567006153C2 /* PBXContainerItemProxy */ = {
			isa = PBXContainerItemProxy;
			containerPortal = 06FE37751A6E9567006153C2 /* Project object */;
			proxyType = 1;
			remoteGlobalIDString = 06FE377C1A6E9567006153C2;
			remoteInfo = Hive;
		};
/* End PBXContainerItemProxy section */

/* Begin PBXFileReference section */
		060E0C4E1A76D06A00A95453 /* Tweet.h */ = {isa = PBXFileReference; fileEncoding = 4; lastKnownFileType = sourcecode.c.h; name = Tweet.h; path = "Object model/Tweet.h"; sourceTree = "<group>"; };
		060E0C4F1A76D06A00A95453 /* Tweet.m */ = {isa = PBXFileReference; fileEncoding = 4; lastKnownFileType = sourcecode.c.objc; name = Tweet.m; path = "Object model/Tweet.m"; sourceTree = "<group>"; };
		060E0C511A76D07B00A95453 /* User.h */ = {isa = PBXFileReference; fileEncoding = 4; lastKnownFileType = sourcecode.c.h; name = User.h; path = "Object model/User.h"; sourceTree = "<group>"; };
		060E0C521A76D07B00A95453 /* User.m */ = {isa = PBXFileReference; fileEncoding = 4; lastKnownFileType = sourcecode.c.objc; name = User.m; path = "Object model/User.m"; sourceTree = "<group>"; };
		060E0C551A76D2A800A95453 /* TwitterFeedMapper.h */ = {isa = PBXFileReference; fileEncoding = 4; lastKnownFileType = sourcecode.c.h; path = TwitterFeedMapper.h; sourceTree = "<group>"; };
		060E0C561A76D2A800A95453 /* TwitterFeedMapper.m */ = {isa = PBXFileReference; fileEncoding = 4; lastKnownFileType = sourcecode.c.objc; path = TwitterFeedMapper.m; sourceTree = "<group>"; };
		060E0C581A76D2DC00A95453 /* HVMapperManager.h */ = {isa = PBXFileReference; fileEncoding = 4; lastKnownFileType = sourcecode.c.h; path = HVMapperManager.h; sourceTree = "<group>"; };
		060E0C591A76D2DC00A95453 /* HVMapperManager.m */ = {isa = PBXFileReference; fileEncoding = 4; lastKnownFileType = sourcecode.c.objc; path = HVMapperManager.m; sourceTree = "<group>"; };
		060E0C5B1A76D6B500A95453 /* HVMappingRoute.h */ = {isa = PBXFileReference; fileEncoding = 4; lastKnownFileType = sourcecode.c.h; path = HVMappingRoute.h; sourceTree = "<group>"; };
		060E0C5C1A76D6B500A95453 /* HVMappingRoute.m */ = {isa = PBXFileReference; fileEncoding = 4; lastKnownFileType = sourcecode.c.objc; path = HVMappingRoute.m; sourceTree = "<group>"; };
		060E0C5E1A76D73800A95453 /* HVMappingOperation.h */ = {isa = PBXFileReference; fileEncoding = 4; lastKnownFileType = sourcecode.c.h; path = HVMappingOperation.h; sourceTree = "<group>"; };
		060E0C5F1A76D73800A95453 /* HVMappingOperation.m */ = {isa = PBXFileReference; fileEncoding = 4; lastKnownFileType = sourcecode.c.objc; path = HVMappingOperation.m; sourceTree = "<group>"; };
		060E0C621A76D98500A95453 /* HVObjectMapping.h */ = {isa = PBXFileReference; fileEncoding = 4; lastKnownFileType = sourcecode.c.h; path = HVObjectMapping.h; sourceTree = "<group>"; };
		060E0C631A76D98500A95453 /* HVObjectMapping.m */ = {isa = PBXFileReference; fileEncoding = 4; lastKnownFileType = sourcecode.c.objc; path = HVObjectMapping.m; sourceTree = "<group>"; };
		060E0C651A76D99300A95453 /* HVRelationshipMapping.h */ = {isa = PBXFileReference; fileEncoding = 4; lastKnownFileType = sourcecode.c.h; path = HVRelationshipMapping.h; sourceTree = "<group>"; };
		060E0C661A76D99300A95453 /* HVRelationshipMapping.m */ = {isa = PBXFileReference; fileEncoding = 4; lastKnownFileType = sourcecode.c.objc; path = HVRelationshipMapping.m; sourceTree = "<group>"; };
		060E0C681A76E20C00A95453 /* HVMappingTests.m */ = {isa = PBXFileReference; fileEncoding = 4; lastKnownFileType = sourcecode.c.objc; path = HVMappingTests.m; sourceTree = "<group>"; };
		060E0C6B1A76E30900A95453 /* MOCK_DATA.json */ = {isa = PBXFileReference; fileEncoding = 4; lastKnownFileType = text.json; path = MOCK_DATA.json; sourceTree = "<group>"; };
		060E0C6D1A76E71200A95453 /* HVMappingResult.h */ = {isa = PBXFileReference; fileEncoding = 4; lastKnownFileType = sourcecode.c.h; path = HVMappingResult.h; sourceTree = "<group>"; };
		060E0C6E1A76E71200A95453 /* HVMappingResult.m */ = {isa = PBXFileReference; fileEncoding = 4; lastKnownFileType = sourcecode.c.objc; path = HVMappingResult.m; sourceTree = "<group>"; };
		061E176A1A78188700F33AC5 /* DumpMapper.h */ = {isa = PBXFileReference; fileEncoding = 4; lastKnownFileType = sourcecode.c.h; name = DumpMapper.h; path = "Dump mapper/DumpMapper.h"; sourceTree = "<group>"; };
		061E176B1A78188700F33AC5 /* DumpMapper.m */ = {isa = PBXFileReference; fileEncoding = 4; lastKnownFileType = sourcecode.c.objc; name = DumpMapper.m; path = "Dump mapper/DumpMapper.m"; sourceTree = "<group>"; };
		061E17701A81070500F33AC5 /* HVImageBank.h */ = {isa = PBXFileReference; fileEncoding = 4; lastKnownFileType = sourcecode.c.h; name = HVImageBank.h; path = HVImageBank/HVImageBank.h; sourceTree = "<group>"; };
		061E17711A81070500F33AC5 /* HVImageBank.m */ = {isa = PBXFileReference; fileEncoding = 4; lastKnownFileType = sourcecode.c.objc; name = HVImageBank.m; path = HVImageBank/HVImageBank.m; sourceTree = "<group>"; };
		061E17741A8108C200F33AC5 /* HVImageBankOperation.h */ = {isa = PBXFileReference; fileEncoding = 4; lastKnownFileType = sourcecode.c.h; name = HVImageBankOperation.h; path = HVImageBank/HVImageBankOperation.h; sourceTree = "<group>"; };
		061E17751A8108C200F33AC5 /* HVImageBankOperation.m */ = {isa = PBXFileReference; fileEncoding = 4; lastKnownFileType = sourcecode.c.objc; name = HVImageBankOperation.m; path = HVImageBank/HVImageBankOperation.m; sourceTree = "<group>"; };
		061E17781A814EEE00F33AC5 /* reply.png */ = {isa = PBXFileReference; lastKnownFileType = image.png; path = reply.png; sourceTree = "<group>"; };
		061E17791A814EEE00F33AC5 /* reply@2x.png */ = {isa = PBXFileReference; lastKnownFileType = image.png; path = "reply@2x.png"; sourceTree = "<group>"; };
		061E177A1A814EEE00F33AC5 /* reply@3x.png */ = {isa = PBXFileReference; lastKnownFileType = image.png; path = "reply@3x.png"; sourceTree = "<group>"; };
		061E177B1A814EEE00F33AC5 /* retweet_off.png */ = {isa = PBXFileReference; lastKnownFileType = image.png; path = retweet_off.png; sourceTree = "<group>"; };
		061E177C1A814EEE00F33AC5 /* retweet_off@2x.png */ = {isa = PBXFileReference; lastKnownFileType = image.png; path = "retweet_off@2x.png"; sourceTree = "<group>"; };
		061E177D1A814EEE00F33AC5 /* retweet_off@3x.png */ = {isa = PBXFileReference; lastKnownFileType = image.png; path = "retweet_off@3x.png"; sourceTree = "<group>"; };
		061E177E1A814EEE00F33AC5 /* retweet_on.png */ = {isa = PBXFileReference; lastKnownFileType = image.png; path = retweet_on.png; sourceTree = "<group>"; };
		061E177F1A814EEE00F33AC5 /* retweet_on@2x.png */ = {isa = PBXFileReference; lastKnownFileType = image.png; path = "retweet_on@2x.png"; sourceTree = "<group>"; };
		061E17801A814EEE00F33AC5 /* retweet_on@3x.png */ = {isa = PBXFileReference; lastKnownFileType = image.png; path = "retweet_on@3x.png"; sourceTree = "<group>"; };
		061E17811A814EEE00F33AC5 /* star_off.png */ = {isa = PBXFileReference; lastKnownFileType = image.png; path = star_off.png; sourceTree = "<group>"; };
		061E17821A814EEE00F33AC5 /* star_off@2x.png */ = {isa = PBXFileReference; lastKnownFileType = image.png; path = "star_off@2x.png"; sourceTree = "<group>"; };
		061E17831A814EEE00F33AC5 /* star_off@3x.png */ = {isa = PBXFileReference; lastKnownFileType = image.png; path = "star_off@3x.png"; sourceTree = "<group>"; };
		061E17841A814EEE00F33AC5 /* star_on.png */ = {isa = PBXFileReference; lastKnownFileType = image.png; path = star_on.png; sourceTree = "<group>"; };
		061E17851A814EEE00F33AC5 /* star_on@2x.png */ = {isa = PBXFileReference; lastKnownFileType = image.png; path = "star_on@2x.png"; sourceTree = "<group>"; };
		061E17861A814EEE00F33AC5 /* star_on@3x.png */ = {isa = PBXFileReference; lastKnownFileType = image.png; path = "star_on@3x.png"; sourceTree = "<group>"; };
		06584FAE1A76BCD9001974AB /* ContainerViewController.h */ = {isa = PBXFileReference; fileEncoding = 4; lastKnownFileType = sourcecode.c.h; path = ContainerViewController.h; sourceTree = "<group>"; };
		06584FAF1A76BCD9001974AB /* ContainerViewController.m */ = {isa = PBXFileReference; fileEncoding = 4; lastKnownFileType = sourcecode.c.objc; path = ContainerViewController.m; sourceTree = "<group>"; };
		066DD7D11A752974003862CF /* TwitterTableViewController.h */ = {isa = PBXFileReference; fileEncoding = 4; lastKnownFileType = sourcecode.c.h; path = TwitterTableViewController.h; sourceTree = "<group>"; };
		066DD7D21A752974003862CF /* TwitterTableViewController.m */ = {isa = PBXFileReference; fileEncoding = 4; lastKnownFileType = sourcecode.c.objc; path = TwitterTableViewController.m; sourceTree = "<group>"; };
		066DD7D41A75298D003862CF /* TweetCell.h */ = {isa = PBXFileReference; fileEncoding = 4; lastKnownFileType = sourcecode.c.h; path = TweetCell.h; sourceTree = "<group>"; };
		066DD7D51A75298D003862CF /* TweetCell.m */ = {isa = PBXFileReference; fileEncoding = 4; lastKnownFileType = sourcecode.c.objc; path = TweetCell.m; sourceTree = "<group>"; };
		066DD7D71A75299B003862CF /* MoreToSeeCell.h */ = {isa = PBXFileReference; fileEncoding = 4; lastKnownFileType = sourcecode.c.h; path = MoreToSeeCell.h; sourceTree = "<group>"; };
		066DD7D81A75299B003862CF /* MoreToSeeCell.m */ = {isa = PBXFileReference; fileEncoding = 4; lastKnownFileType = sourcecode.c.objc; path = MoreToSeeCell.m; sourceTree = "<group>"; };
		066DD7DA1A7529BF003862CF /* UserSurveyCell.h */ = {isa = PBXFileReference; fileEncoding = 4; lastKnownFileType = sourcecode.c.h; path = UserSurveyCell.h; sourceTree = "<group>"; };
		066DD7DB1A7529BF003862CF /* UserSurveyCell.m */ = {isa = PBXFileReference; fileEncoding = 4; lastKnownFileType = sourcecode.c.objc; path = UserSurveyCell.m; sourceTree = "<group>"; };
		066DD7DD1A7529DA003862CF /* PaginationCell.h */ = {isa = PBXFileReference; fileEncoding = 4; lastKnownFileType = sourcecode.c.h; path = PaginationCell.h; sourceTree = "<group>"; };
		066DD7DE1A7529DA003862CF /* PaginationCell.m */ = {isa = PBXFileReference; fileEncoding = 4; lastKnownFileType = sourcecode.c.objc; path = PaginationCell.m; sourceTree = "<group>"; };
		06FE377D1A6E9567006153C2 /* Hive.app */ = {isa = PBXFileReference; explicitFileType = wrapper.application; includeInIndex = 0; path = Hive.app; sourceTree = BUILT_PRODUCTS_DIR; };
		06FE37811A6E9567006153C2 /* Info.plist */ = {isa = PBXFileReference; lastKnownFileType = text.plist.xml; path = Info.plist; sourceTree = "<group>"; };
		06FE37821A6E9567006153C2 /* main.m */ = {isa = PBXFileReference; lastKnownFileType = sourcecode.c.objc; path = main.m; sourceTree = "<group>"; };
		06FE37841A6E9567006153C2 /* AppDelegate.h */ = {isa = PBXFileReference; lastKnownFileType = sourcecode.c.h; path = AppDelegate.h; sourceTree = "<group>"; };
		06FE37851A6E9567006153C2 /* AppDelegate.m */ = {isa = PBXFileReference; lastKnownFileType = sourcecode.c.objc; path = AppDelegate.m; sourceTree = "<group>"; };
		06FE37871A6E9567006153C2 /* ViewController.h */ = {isa = PBXFileReference; lastKnownFileType = sourcecode.c.h; path = ViewController.h; sourceTree = "<group>"; };
		06FE37881A6E9567006153C2 /* ViewController.m */ = {isa = PBXFileReference; lastKnownFileType = sourcecode.c.objc; path = ViewController.m; sourceTree = "<group>"; };
		06FE378B1A6E9567006153C2 /* Base */ = {isa = PBXFileReference; lastKnownFileType = file.storyboard; name = Base; path = Base.lproj/Main.storyboard; sourceTree = "<group>"; };
		06FE378D1A6E9567006153C2 /* Images.xcassets */ = {isa = PBXFileReference; lastKnownFileType = folder.assetcatalog; path = Images.xcassets; sourceTree = "<group>"; };
		06FE37901A6E9567006153C2 /* Base */ = {isa = PBXFileReference; lastKnownFileType = file.xib; name = Base; path = Base.lproj/LaunchScreen.xib; sourceTree = "<group>"; };
		06FE37961A6E9567006153C2 /* HiveTests.xctest */ = {isa = PBXFileReference; explicitFileType = wrapper.cfbundle; includeInIndex = 0; path = HiveTests.xctest; sourceTree = BUILT_PRODUCTS_DIR; };
		06FE379B1A6E9567006153C2 /* Info.plist */ = {isa = PBXFileReference; lastKnownFileType = text.plist.xml; path = Info.plist; sourceTree = "<group>"; };
		06FE379C1A6E9567006153C2 /* HiveTests.m */ = {isa = PBXFileReference; lastKnownFileType = sourcecode.c.objc; path = HiveTests.m; sourceTree = "<group>"; };
		06FE37A61A6E9AB6006153C2 /* Social.framework */ = {isa = PBXFileReference; lastKnownFileType = wrapper.framework; name = Social.framework; path = System/Library/Frameworks/Social.framework; sourceTree = SDKROOT; };
		06FE37A81A6E9ABC006153C2 /* Accounts.framework */ = {isa = PBXFileReference; lastKnownFileType = wrapper.framework; name = Accounts.framework; path = System/Library/Frameworks/Accounts.framework; sourceTree = SDKROOT; };
		06FE37AA1A6E9E46006153C2 /* AccountManager.h */ = {isa = PBXFileReference; fileEncoding = 4; lastKnownFileType = sourcecode.c.h; path = AccountManager.h; sourceTree = "<group>"; };
		06FE37AB1A6E9E46006153C2 /* AccountManager.m */ = {isa = PBXFileReference; fileEncoding = 4; lastKnownFileType = sourcecode.c.objc; path = AccountManager.m; sourceTree = "<group>"; };
		06FE37AE1A6EB230006153C2 /* AccountCell.h */ = {isa = PBXFileReference; fileEncoding = 4; lastKnownFileType = sourcecode.c.h; path = AccountCell.h; sourceTree = "<group>"; };
		06FE37AF1A6EB230006153C2 /* AccountCell.m */ = {isa = PBXFileReference; fileEncoding = 4; lastKnownFileType = sourcecode.c.objc; path = AccountCell.m; sourceTree = "<group>"; };
		06FE37B31A6EB87A006153C2 /* check.png */ = {isa = PBXFileReference; lastKnownFileType = image.png; path = check.png; sourceTree = "<group>"; };
		06FE37B41A6EB87A006153C2 /* check@2x.png */ = {isa = PBXFileReference; lastKnownFileType = image.png; path = "check@2x.png"; sourceTree = "<group>"; };
		06FE37B51A6EB87A006153C2 /* check@3x.png */ = {isa = PBXFileReference; lastKnownFileType = image.png; path = "check@3x.png"; sourceTree = "<group>"; };
		06FE37BA1A74F0CD006153C2 /* DataManager.h */ = {isa = PBXFileReference; fileEncoding = 4; lastKnownFileType = sourcecode.c.h; name = DataManager.h; path = "Data providers/DataManager.h"; sourceTree = "<group>"; };
		06FE37BB1A74F0CD006153C2 /* DataManager.m */ = {isa = PBXFileReference; fileEncoding = 4; lastKnownFileType = sourcecode.c.objc; name = DataManager.m; path = "Data providers/DataManager.m"; sourceTree = "<group>"; };
/* End PBXFileReference section */

/* Begin PBXFrameworksBuildPhase section */
		06FE377A1A6E9567006153C2 /* Frameworks */ = {
			isa = PBXFrameworksBuildPhase;
			buildActionMask = 2147483647;
			files = (
				06FE37A91A6E9ABC006153C2 /* Accounts.framework in Frameworks */,
				06FE37A71A6E9AB6006153C2 /* Social.framework in Frameworks */,
			);
			runOnlyForDeploymentPostprocessing = 0;
		};
		06FE37931A6E9567006153C2 /* Frameworks */ = {
			isa = PBXFrameworksBuildPhase;
			buildActionMask = 2147483647;
			files = (
			);
			runOnlyForDeploymentPostprocessing = 0;
		};
/* End PBXFrameworksBuildPhase section */

/* Begin PBXGroup section */
		060E0C461A76CECD00A95453 /* Parser */ = {
			isa = PBXGroup;
			children = (
				061E17691A78186B00F33AC5 /* Dumb mapper */,
				060E0C541A76D29700A95453 /* Mapper */,
				060E0C4D1A76D05000A95453 /* Object model */,
			);
			name = Parser;
			sourceTree = "<group>";
		};
		060E0C4D1A76D05000A95453 /* Object model */ = {
			isa = PBXGroup;
			children = (
				060E0C4E1A76D06A00A95453 /* Tweet.h */,
				060E0C4F1A76D06A00A95453 /* Tweet.m */,
				060E0C511A76D07B00A95453 /* User.h */,
				060E0C521A76D07B00A95453 /* User.m */,
			);
			name = "Object model";
			sourceTree = "<group>";
		};
		060E0C541A76D29700A95453 /* Mapper */ = {
			isa = PBXGroup;
			children = (
				060E0C611A76D94C00A95453 /* Mapping orm */,
				060E0C551A76D2A800A95453 /* TwitterFeedMapper.h */,
				060E0C561A76D2A800A95453 /* TwitterFeedMapper.m */,
				060E0C581A76D2DC00A95453 /* HVMapperManager.h */,
				060E0C591A76D2DC00A95453 /* HVMapperManager.m */,
				060E0C5B1A76D6B500A95453 /* HVMappingRoute.h */,
				060E0C5C1A76D6B500A95453 /* HVMappingRoute.m */,
				060E0C5E1A76D73800A95453 /* HVMappingOperation.h */,
				060E0C5F1A76D73800A95453 /* HVMappingOperation.m */,
			);
			name = Mapper;
			sourceTree = "<group>";
		};
		060E0C611A76D94C00A95453 /* Mapping orm */ = {
			isa = PBXGroup;
			children = (
				060E0C621A76D98500A95453 /* HVObjectMapping.h */,
				060E0C631A76D98500A95453 /* HVObjectMapping.m */,
				060E0C651A76D99300A95453 /* HVRelationshipMapping.h */,
				060E0C661A76D99300A95453 /* HVRelationshipMapping.m */,
				060E0C6D1A76E71200A95453 /* HVMappingResult.h */,
				060E0C6E1A76E71200A95453 /* HVMappingResult.m */,
			);
			name = "Mapping orm";
			sourceTree = "<group>";
		};
		060E0C6A1A76E2FF00A95453 /* Mock data */ = {
			isa = PBXGroup;
			children = (
				060E0C6B1A76E30900A95453 /* MOCK_DATA.json */,
			);
			name = "Mock data";
			sourceTree = "<group>";
		};
		061E17691A78186B00F33AC5 /* Dumb mapper */ = {
			isa = PBXGroup;
			children = (
				061E176A1A78188700F33AC5 /* DumpMapper.h */,
				061E176B1A78188700F33AC5 /* DumpMapper.m */,
			);
			name = "Dumb mapper";
			sourceTree = "<group>";
		};
		061E17731A81083D00F33AC5 /* HVImageBank */ = {
			isa = PBXGroup;
			children = (
				061E17701A81070500F33AC5 /* HVImageBank.h */,
				061E17711A81070500F33AC5 /* HVImageBank.m */,
				061E17741A8108C200F33AC5 /* HVImageBankOperation.h */,
				061E17751A8108C200F33AC5 /* HVImageBankOperation.m */,
			);
			name = HVImageBank;
			sourceTree = "<group>";
		};
		061E17771A814EEE00F33AC5 /* controls */ = {
			isa = PBXGroup;
			children = (
				061E17781A814EEE00F33AC5 /* reply.png */,
				061E17791A814EEE00F33AC5 /* reply@2x.png */,
				061E177A1A814EEE00F33AC5 /* reply@3x.png */,
				061E177B1A814EEE00F33AC5 /* retweet_off.png */,
				061E177C1A814EEE00F33AC5 /* retweet_off@2x.png */,
				061E177D1A814EEE00F33AC5 /* retweet_off@3x.png */,
				061E177E1A814EEE00F33AC5 /* retweet_on.png */,
				061E177F1A814EEE00F33AC5 /* retweet_on@2x.png */,
				061E17801A814EEE00F33AC5 /* retweet_on@3x.png */,
				061E17811A814EEE00F33AC5 /* star_off.png */,
				061E17821A814EEE00F33AC5 /* star_off@2x.png */,
				061E17831A814EEE00F33AC5 /* star_off@3x.png */,
				061E17841A814EEE00F33AC5 /* star_on.png */,
				061E17851A814EEE00F33AC5 /* star_on@2x.png */,
				061E17861A814EEE00F33AC5 /* star_on@3x.png */,
			);
			path = controls;
			sourceTree = "<group>";
		};
		06584FAC1A76BCAA001974AB /* View controllers */ = {
			isa = PBXGroup;
			children = (
				06584FAD1A76BCBB001974AB /* Container controller */,
				066DD7D01A752923003862CF /* Tweet deck */,
				066DD7CF1A752919003862CF /* Tweet table */,
				06FE37AD1A6EB20A006153C2 /* Start screen */,
			);
			name = "View controllers";
			sourceTree = "<group>";
		};
		06584FAD1A76BCBB001974AB /* Container controller */ = {
			isa = PBXGroup;
			children = (
				06584FAE1A76BCD9001974AB /* ContainerViewController.h */,
				06584FAF1A76BCD9001974AB /* ContainerViewController.m */,
			);
			name = "Container controller";
			sourceTree = "<group>";
		};
		066DD7CF1A752919003862CF /* Tweet table */ = {
			isa = PBXGroup;
			children = (
				066DD7D11A752974003862CF /* TwitterTableViewController.h */,
				066DD7D21A752974003862CF /* TwitterTableViewController.m */,
				066DD7D41A75298D003862CF /* TweetCell.h */,
				066DD7D51A75298D003862CF /* TweetCell.m */,
				066DD7D71A75299B003862CF /* MoreToSeeCell.h */,
				066DD7D81A75299B003862CF /* MoreToSeeCell.m */,
				066DD7DA1A7529BF003862CF /* UserSurveyCell.h */,
				066DD7DB1A7529BF003862CF /* UserSurveyCell.m */,
				066DD7DD1A7529DA003862CF /* PaginationCell.h */,
				066DD7DE1A7529DA003862CF /* PaginationCell.m */,
			);
			name = "Tweet table";
			sourceTree = "<group>";
		};
		066DD7D01A752923003862CF /* Tweet deck */ = {
			isa = PBXGroup;
			children = (
			);
			name = "Tweet deck";
			sourceTree = "<group>";
		};
		06FE37741A6E9567006153C2 = {
			isa = PBXGroup;
			children = (
				06FE37A81A6E9ABC006153C2 /* Accounts.framework */,
				06FE37A61A6E9AB6006153C2 /* Social.framework */,
				06FE377F1A6E9567006153C2 /* Hive */,
				06FE37991A6E9567006153C2 /* HiveTests */,
				06FE377E1A6E9567006153C2 /* Products */,
			);
			sourceTree = "<group>";
		};
		06FE377E1A6E9567006153C2 /* Products */ = {
			isa = PBXGroup;
			children = (
				06FE377D1A6E9567006153C2 /* Hive.app */,
				06FE37961A6E9567006153C2 /* HiveTests.xctest */,
			);
			name = Products;
			sourceTree = "<group>";
		};
		06FE377F1A6E9567006153C2 /* Hive */ = {
			isa = PBXGroup;
			children = (
				060E0C461A76CECD00A95453 /* Parser */,
				06584FAC1A76BCAA001974AB /* View controllers */,
				06FE37B91A74F084006153C2 /* Data managers */,
				06FE37841A6E9567006153C2 /* AppDelegate.h */,
				06FE37851A6E9567006153C2 /* AppDelegate.m */,
				06FE378A1A6E9567006153C2 /* Main.storyboard */,
				06FE378D1A6E9567006153C2 /* Images.xcassets */,
				06FE378F1A6E9567006153C2 /* LaunchScreen.xib */,
				06FE37801A6E9567006153C2 /* Supporting Files */,
				06FE37AA1A6E9E46006153C2 /* AccountManager.h */,
				06FE37AB1A6E9E46006153C2 /* AccountManager.m */,
			);
			path = Hive;
			sourceTree = "<group>";
		};
		06FE37801A6E9567006153C2 /* Supporting Files */ = {
			isa = PBXGroup;
			children = (
				061E17771A814EEE00F33AC5 /* controls */,
				06FE37B11A6EB87A006153C2 /* Resources */,
				06FE37811A6E9567006153C2 /* Info.plist */,
				06FE37821A6E9567006153C2 /* main.m */,
			);
			name = "Supporting Files";
			sourceTree = "<group>";
		};
		06FE37991A6E9567006153C2 /* HiveTests */ = {
			isa = PBXGroup;
			children = (
				060E0C6A1A76E2FF00A95453 /* Mock data */,
				06FE379C1A6E9567006153C2 /* HiveTests.m */,
				06FE379A1A6E9567006153C2 /* Supporting Files */,
				060E0C681A76E20C00A95453 /* HVMappingTests.m */,
			);
			path = HiveTests;
			sourceTree = "<group>";
		};
		06FE379A1A6E9567006153C2 /* Supporting Files */ = {
			isa = PBXGroup;
			children = (
				06FE379B1A6E9567006153C2 /* Info.plist */,
			);
			name = "Supporting Files";
			sourceTree = "<group>";
		};
		06FE37AD1A6EB20A006153C2 /* Start screen */ = {
			isa = PBXGroup;
			children = (
				06FE37871A6E9567006153C2 /* ViewController.h */,
				06FE37881A6E9567006153C2 /* ViewController.m */,
				06FE37AE1A6EB230006153C2 /* AccountCell.h */,
				06FE37AF1A6EB230006153C2 /* AccountCell.m */,
			);
			name = "Start screen";
			sourceTree = "<group>";
		};
		06FE37B11A6EB87A006153C2 /* Resources */ = {
			isa = PBXGroup;
			children = (
				06FE37B21A6EB87A006153C2 /* Images */,
			);
			path = Resources;
			sourceTree = "<group>";
		};
		06FE37B21A6EB87A006153C2 /* Images */ = {
			isa = PBXGroup;
			children = (
				06FE37B31A6EB87A006153C2 /* check.png */,
				06FE37B41A6EB87A006153C2 /* check@2x.png */,
				06FE37B51A6EB87A006153C2 /* check@3x.png */,
			);
			path = Images;
			sourceTree = "<group>";
		};
		06FE37B91A74F084006153C2 /* Data managers */ = {
			isa = PBXGroup;
			children = (
				061E17731A81083D00F33AC5 /* HVImageBank */,
				06FE37BA1A74F0CD006153C2 /* DataManager.h */,
				06FE37BB1A74F0CD006153C2 /* DataManager.m */,
			);
			name = "Data managers";
			sourceTree = "<group>";
		};
/* End PBXGroup section */

/* Begin PBXNativeTarget section */
		06FE377C1A6E9567006153C2 /* Hive */ = {
			isa = PBXNativeTarget;
			buildConfigurationList = 06FE37A01A6E9567006153C2 /* Build configuration list for PBXNativeTarget "Hive" */;
			buildPhases = (
				06FE37791A6E9567006153C2 /* Sources */,
				06FE377A1A6E9567006153C2 /* Frameworks */,
				06FE377B1A6E9567006153C2 /* Resources */,
			);
			buildRules = (
			);
			dependencies = (
			);
			name = Hive;
			productName = Hive;
			productReference = 06FE377D1A6E9567006153C2 /* Hive.app */;
			productType = "com.apple.product-type.application";
		};
		06FE37951A6E9567006153C2 /* HiveTests */ = {
			isa = PBXNativeTarget;
			buildConfigurationList = 06FE37A31A6E9567006153C2 /* Build configuration list for PBXNativeTarget "HiveTests" */;
			buildPhases = (
				06FE37921A6E9567006153C2 /* Sources */,
				06FE37931A6E9567006153C2 /* Frameworks */,
				06FE37941A6E9567006153C2 /* Resources */,
			);
			buildRules = (
			);
			dependencies = (
				06FE37981A6E9567006153C2 /* PBXTargetDependency */,
			);
			name = HiveTests;
			productName = HiveTests;
			productReference = 06FE37961A6E9567006153C2 /* HiveTests.xctest */;
			productType = "com.apple.product-type.bundle.unit-test";
		};
/* End PBXNativeTarget section */

/* Begin PBXProject section */
		06FE37751A6E9567006153C2 /* Project object */ = {
			isa = PBXProject;
			attributes = {
				LastUpgradeCheck = 0610;
				ORGANIZATIONNAME = "Yury Nechaev";
				TargetAttributes = {
					06FE377C1A6E9567006153C2 = {
						CreatedOnToolsVersion = 6.1.1;
					};
					06FE37951A6E9567006153C2 = {
						CreatedOnToolsVersion = 6.1.1;
						TestTargetID = 06FE377C1A6E9567006153C2;
					};
				};
			};
			buildConfigurationList = 06FE37781A6E9567006153C2 /* Build configuration list for PBXProject "Hive" */;
			compatibilityVersion = "Xcode 3.2";
			developmentRegion = English;
			hasScannedForEncodings = 0;
			knownRegions = (
				en,
				Base,
			);
			mainGroup = 06FE37741A6E9567006153C2;
			productRefGroup = 06FE377E1A6E9567006153C2 /* Products */;
			projectDirPath = "";
			projectRoot = "";
			targets = (
				06FE377C1A6E9567006153C2 /* Hive */,
				06FE37951A6E9567006153C2 /* HiveTests */,
			);
		};
/* End PBXProject section */

/* Begin PBXResourcesBuildPhase section */
		06FE377B1A6E9567006153C2 /* Resources */ = {
			isa = PBXResourcesBuildPhase;
			buildActionMask = 2147483647;
			files = (
				06FE37B71A6EB87A006153C2 /* check@2x.png in Resources */,
				06FE378C1A6E9567006153C2 /* Main.storyboard in Resources */,
				061E178D1A814EEE00F33AC5 /* retweet_on.png in Resources */,
				061E17901A814EEE00F33AC5 /* star_off.png in Resources */,
				061E178A1A814EEE00F33AC5 /* retweet_off.png in Resources */,
				061E17941A814EEE00F33AC5 /* star_on@2x.png in Resources */,
				061E178F1A814EEE00F33AC5 /* retweet_on@3x.png in Resources */,
				06FE37B81A6EB87A006153C2 /* check@3x.png in Resources */,
				061E17951A814EEE00F33AC5 /* star_on@3x.png in Resources */,
				06FE37911A6E9567006153C2 /* LaunchScreen.xib in Resources */,
				061E178E1A814EEE00F33AC5 /* retweet_on@2x.png in Resources */,
				06FE37B61A6EB87A006153C2 /* check.png in Resources */,
				061E178C1A814EEE00F33AC5 /* retweet_off@3x.png in Resources */,
				061E17881A814EEE00F33AC5 /* reply@2x.png in Resources */,
				061E17911A814EEE00F33AC5 /* star_off@2x.png in Resources */,
				061E17871A814EEE00F33AC5 /* reply.png in Resources */,
				06FE378E1A6E9567006153C2 /* Images.xcassets in Resources */,
				061E17921A814EEE00F33AC5 /* star_off@3x.png in Resources */,
				061E17891A814EEE00F33AC5 /* reply@3x.png in Resources */,
				061E17931A814EEE00F33AC5 /* star_on.png in Resources */,
				061E178B1A814EEE00F33AC5 /* retweet_off@2x.png in Resources */,
			);
			runOnlyForDeploymentPostprocessing = 0;
		};
		06FE37941A6E9567006153C2 /* Resources */ = {
			isa = PBXResourcesBuildPhase;
			buildActionMask = 2147483647;
			files = (
				060E0C6C1A76E30900A95453 /* MOCK_DATA.json in Resources */,
			);
			runOnlyForDeploymentPostprocessing = 0;
		};
/* End PBXResourcesBuildPhase section */

/* Begin PBXSourcesBuildPhase section */
		06FE37791A6E9567006153C2 /* Sources */ = {
			isa = PBXSourcesBuildPhase;
			buildActionMask = 2147483647;
			files = (
				061E17721A81070500F33AC5 /* HVImageBank.m in Sources */,
				06FE37891A6E9567006153C2 /* ViewController.m in Sources */,
				066DD7D91A75299B003862CF /* MoreToSeeCell.m in Sources */,
				066DD7D31A752974003862CF /* TwitterTableViewController.m in Sources */,
				060E0C6F1A76E71200A95453 /* HVMappingResult.m in Sources */,
				06FE37BC1A74F0CD006153C2 /* DataManager.m in Sources */,
				060E0C5A1A76D2DC00A95453 /* HVMapperManager.m in Sources */,
				060E0C641A76D98500A95453 /* HVObjectMapping.m in Sources */,
				066DD7D61A75298D003862CF /* TweetCell.m in Sources */,
				06FE37861A6E9567006153C2 /* AppDelegate.m in Sources */,
				060E0C571A76D2A800A95453 /* TwitterFeedMapper.m in Sources */,
				06584FB01A76BCD9001974AB /* ContainerViewController.m in Sources */,
				060E0C671A76D99300A95453 /* HVRelationshipMapping.m in Sources */,
				06FE37831A6E9567006153C2 /* main.m in Sources */,
				060E0C501A76D06A00A95453 /* Tweet.m in Sources */,
				066DD7DC1A7529BF003862CF /* UserSurveyCell.m in Sources */,
				066DD7DF1A7529DA003862CF /* PaginationCell.m in Sources */,
				060E0C531A76D07B00A95453 /* User.m in Sources */,
				060E0C5D1A76D6B500A95453 /* HVMappingRoute.m in Sources */,
				060E0C601A76D73800A95453 /* HVMappingOperation.m in Sources */,
				06FE37B01A6EB230006153C2 /* AccountCell.m in Sources */,
				06FE37AC1A6E9E46006153C2 /* AccountManager.m in Sources */,
				061E176C1A78188700F33AC5 /* DumpMapper.m in Sources */,
				061E17761A8108C200F33AC5 /* HVImageBankOperation.m in Sources */,
			);
			runOnlyForDeploymentPostprocessing = 0;
		};
		06FE37921A6E9567006153C2 /* Sources */ = {
			isa = PBXSourcesBuildPhase;
			buildActionMask = 2147483647;
			files = (
				060E0C691A76E20C00A95453 /* HVMappingTests.m in Sources */,
				06FE379D1A6E9567006153C2 /* HiveTests.m in Sources */,
			);
			runOnlyForDeploymentPostprocessing = 0;
		};
/* End PBXSourcesBuildPhase section */

/* Begin PBXTargetDependency section */
		06FE37981A6E9567006153C2 /* PBXTargetDependency */ = {
			isa = PBXTargetDependency;
			target = 06FE377C1A6E9567006153C2 /* Hive */;
			targetProxy = 06FE37971A6E9567006153C2 /* PBXContainerItemProxy */;
		};
/* End PBXTargetDependency section */

/* Begin PBXVariantGroup section */
		06FE378A1A6E9567006153C2 /* Main.storyboard */ = {
			isa = PBXVariantGroup;
			children = (
				06FE378B1A6E9567006153C2 /* Base */,
			);
			name = Main.storyboard;
			sourceTree = "<group>";
		};
		06FE378F1A6E9567006153C2 /* LaunchScreen.xib */ = {
			isa = PBXVariantGroup;
			children = (
				06FE37901A6E9567006153C2 /* Base */,
			);
			name = LaunchScreen.xib;
			sourceTree = "<group>";
		};
/* End PBXVariantGroup section */

/* Begin XCBuildConfiguration section */
		06FE379E1A6E9567006153C2 /* Debug */ = {
			isa = XCBuildConfiguration;
			buildSettings = {
				ALWAYS_SEARCH_USER_PATHS = NO;
				CLANG_CXX_LANGUAGE_STANDARD = "gnu++0x";
				CLANG_CXX_LIBRARY = "libc++";
				CLANG_ENABLE_MODULES = YES;
				CLANG_ENABLE_OBJC_ARC = YES;
				CLANG_WARN_BOOL_CONVERSION = YES;
				CLANG_WARN_CONSTANT_CONVERSION = YES;
				CLANG_WARN_DIRECT_OBJC_ISA_USAGE = YES_ERROR;
				CLANG_WARN_EMPTY_BODY = YES;
				CLANG_WARN_ENUM_CONVERSION = YES;
				CLANG_WARN_INT_CONVERSION = YES;
				CLANG_WARN_OBJC_ROOT_CLASS = YES_ERROR;
				CLANG_WARN_UNREACHABLE_CODE = YES;
				CLANG_WARN__DUPLICATE_METHOD_MATCH = YES;
				"CODE_SIGN_IDENTITY[sdk=iphoneos*]" = "iPhone Developer";
				COPY_PHASE_STRIP = NO;
				ENABLE_STRICT_OBJC_MSGSEND = YES;
				GCC_C_LANGUAGE_STANDARD = gnu99;
				GCC_DYNAMIC_NO_PIC = NO;
				GCC_OPTIMIZATION_LEVEL = 0;
				GCC_PREPROCESSOR_DEFINITIONS = (
					"DEBUG=1",
					"$(inherited)",
				);
				GCC_SYMBOLS_PRIVATE_EXTERN = NO;
				GCC_WARN_64_TO_32_BIT_CONVERSION = YES;
				GCC_WARN_ABOUT_RETURN_TYPE = YES_ERROR;
				GCC_WARN_UNDECLARED_SELECTOR = YES;
				GCC_WARN_UNINITIALIZED_AUTOS = YES_AGGRESSIVE;
				GCC_WARN_UNUSED_FUNCTION = YES;
				GCC_WARN_UNUSED_VARIABLE = YES;
				IPHONEOS_DEPLOYMENT_TARGET = 8.1;
				MTL_ENABLE_DEBUG_INFO = YES;
				ONLY_ACTIVE_ARCH = YES;
				SDKROOT = iphoneos;
				TARGETED_DEVICE_FAMILY = "1,2";
			};
			name = Debug;
		};
		06FE379F1A6E9567006153C2 /* Release */ = {
			isa = XCBuildConfiguration;
			buildSettings = {
				ALWAYS_SEARCH_USER_PATHS = NO;
				CLANG_CXX_LANGUAGE_STANDARD = "gnu++0x";
				CLANG_CXX_LIBRARY = "libc++";
				CLANG_ENABLE_MODULES = YES;
				CLANG_ENABLE_OBJC_ARC = YES;
				CLANG_WARN_BOOL_CONVERSION = YES;
				CLANG_WARN_CONSTANT_CONVERSION = YES;
				CLANG_WARN_DIRECT_OBJC_ISA_USAGE = YES_ERROR;
				CLANG_WARN_EMPTY_BODY = YES;
				CLANG_WARN_ENUM_CONVERSION = YES;
				CLANG_WARN_INT_CONVERSION = YES;
				CLANG_WARN_OBJC_ROOT_CLASS = YES_ERROR;
				CLANG_WARN_UNREACHABLE_CODE = YES;
				CLANG_WARN__DUPLICATE_METHOD_MATCH = YES;
				"CODE_SIGN_IDENTITY[sdk=iphoneos*]" = "iPhone Developer";
				COPY_PHASE_STRIP = YES;
				ENABLE_NS_ASSERTIONS = NO;
				ENABLE_STRICT_OBJC_MSGSEND = YES;
				GCC_C_LANGUAGE_STANDARD = gnu99;
				GCC_WARN_64_TO_32_BIT_CONVERSION = YES;
				GCC_WARN_ABOUT_RETURN_TYPE = YES_ERROR;
				GCC_WARN_UNDECLARED_SELECTOR = YES;
				GCC_WARN_UNINITIALIZED_AUTOS = YES_AGGRESSIVE;
				GCC_WARN_UNUSED_FUNCTION = YES;
				GCC_WARN_UNUSED_VARIABLE = YES;
				IPHONEOS_DEPLOYMENT_TARGET = 8.1;
				MTL_ENABLE_DEBUG_INFO = NO;
				SDKROOT = iphoneos;
				TARGETED_DEVICE_FAMILY = "1,2";
				VALIDATE_PRODUCT = YES;
			};
			name = Release;
		};
		06FE37A11A6E9567006153C2 /* Debug */ = {
			isa = XCBuildConfiguration;
			buildSettings = {
				ASSETCATALOG_COMPILER_APPICON_NAME = AppIcon;
				ASSETCATALOG_COMPILER_LAUNCHIMAGE_NAME = LaunchImage;
				INFOPLIST_FILE = Hive/Info.plist;
				IPHONEOS_DEPLOYMENT_TARGET = 7.0;
				LD_RUNPATH_SEARCH_PATHS = "$(inherited) @executable_path/Frameworks";
				PRODUCT_NAME = "$(TARGET_NAME)";
			};
			name = Debug;
		};
		06FE37A21A6E9567006153C2 /* Release */ = {
			isa = XCBuildConfiguration;
			buildSettings = {
				ASSETCATALOG_COMPILER_APPICON_NAME = AppIcon;
				ASSETCATALOG_COMPILER_LAUNCHIMAGE_NAME = LaunchImage;
				INFOPLIST_FILE = Hive/Info.plist;
				IPHONEOS_DEPLOYMENT_TARGET = 7.0;
				LD_RUNPATH_SEARCH_PATHS = "$(inherited) @executable_path/Frameworks";
				PRODUCT_NAME = "$(TARGET_NAME)";
			};
			name = Release;
		};
		06FE37A41A6E9567006153C2 /* Debug */ = {
			isa = XCBuildConfiguration;
			buildSettings = {
				BUNDLE_LOADER = "$(TEST_HOST)";
				FRAMEWORK_SEARCH_PATHS = (
					"$(SDKROOT)/Developer/Library/Frameworks",
					"$(inherited)",
				);
				GCC_PREPROCESSOR_DEFINITIONS = (
					"DEBUG=1",
					"$(inherited)",
				);
				INFOPLIST_FILE = HiveTests/Info.plist;
				LD_RUNPATH_SEARCH_PATHS = "$(inherited) @executable_path/Frameworks @loader_path/Frameworks";
				PRODUCT_NAME = "$(TARGET_NAME)";
				TEST_HOST = "$(BUILT_PRODUCTS_DIR)/Hive.app/Hive";
			};
			name = Debug;
		};
		06FE37A51A6E9567006153C2 /* Release */ = {
			isa = XCBuildConfiguration;
			buildSettings = {
				BUNDLE_LOADER = "$(TEST_HOST)";
				FRAMEWORK_SEARCH_PATHS = (
					"$(SDKROOT)/Developer/Library/Frameworks",
					"$(inherited)",
				);
				INFOPLIST_FILE = HiveTests/Info.plist;
				LD_RUNPATH_SEARCH_PATHS = "$(inherited) @executable_path/Frameworks @loader_path/Frameworks";
				PRODUCT_NAME = "$(TARGET_NAME)";
				TEST_HOST = "$(BUILT_PRODUCTS_DIR)/Hive.app/Hive";
			};
			name = Release;
		};
/* End XCBuildConfiguration section */

/* Begin XCConfigurationList section */
		06FE37781A6E9567006153C2 /* Build configuration list for PBXProject "Hive" */ = {
			isa = XCConfigurationList;
			buildConfigurations = (
				06FE379E1A6E9567006153C2 /* Debug */,
				06FE379F1A6E9567006153C2 /* Release */,
			);
			defaultConfigurationIsVisible = 0;
			defaultConfigurationName = Release;
		};
		06FE37A01A6E9567006153C2 /* Build configuration list for PBXNativeTarget "Hive" */ = {
			isa = XCConfigurationList;
			buildConfigurations = (
				06FE37A11A6E9567006153C2 /* Debug */,
				06FE37A21A6E9567006153C2 /* Release */,
			);
			defaultConfigurationIsVisible = 0;
			defaultConfigurationName = Release;
		};
		06FE37A31A6E9567006153C2 /* Build configuration list for PBXNativeTarget "HiveTests" */ = {
			isa = XCConfigurationList;
			buildConfigurations = (
				06FE37A41A6E9567006153C2 /* Debug */,
				06FE37A51A6E9567006153C2 /* Release */,
			);
			defaultConfigurationIsVisible = 0;
			defaultConfigurationName = Release;
		};
/* End XCConfigurationList section */
	};
	rootObject = 06FE37751A6E9567006153C2 /* Project object */;
}
